{
  "version": 4,
  "terraform_version": "1.3.2",
  "serial": 4,
  "lineage": "ce04941f-f169-c2fd-1567-d6ffed4fc6bc",
  "outputs": {
    "github_tk": {
      "value": "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",
      "type": "string"
    }
  },
  "resources": [
    {
      "mode": "managed",
      "type": "github_repository",
      "name": "terraform-repo",
      "provider": "provider[\"registry.terraform.io/hashicorp/github\"]",
      "instances": [
        {
          "schema_version": 0,
          "attributes": {
            "allow_auto_merge": false,
            "allow_merge_commit": true,
            "allow_rebase_merge": true,
            "allow_squash_merge": true,
            "allow_update_branch": false,
            "archive_on_destroy": null,
            "archived": false,
            "auto_init": true,
            "default_branch": "main",
            "delete_branch_on_merge": false,
            "description": "My awesome codebase",
            "etag": "W/\"b3eba36ee12c391f70ef477663591b2bb36f709c0737a90ee891338febbe532a\"",
            "full_name": "visheshsharma07/repository-with-tf",
            "git_clone_url": "git://github.com/visheshsharma07/repository-with-tf.git",
            "gitignore_template": null,
            "has_downloads": false,
            "has_issues": false,
            "has_projects": false,
            "has_wiki": false,
            "homepage_url": "",
            "html_url": "https://github.com/visheshsharma07/repository-with-tf",
            "http_clone_url": "https://github.com/visheshsharma07/repository-with-tf.git",
            "id": "repository-with-tf",
            "ignore_vulnerability_alerts_during_read": null,
            "is_template": false,
            "license_template": null,
            "merge_commit_message": "PR_TITLE",
            "merge_commit_title": "MERGE_MESSAGE",
            "name": "repository-with-tf",
            "node_id": "R_kgDOIeQCyg",
            "pages": [],
            "private": false,
            "repo_id": 568591050,
            "security_and_analysis": [],
            "squash_merge_commit_message": "COMMIT_MESSAGES",
            "squash_merge_commit_title": "COMMIT_OR_PR_TITLE",
            "ssh_clone_url": "git@github.com:visheshsharma07/repository-with-tf.git",
            "svn_url": "https://github.com/visheshsharma07/repository-with-tf",
            "template": [],
            "topics": null,
            "visibility": "public",
            "vulnerability_alerts": false
          },
          "sensitive_attributes": [],
          "private": "bnVsbA=="
        }
      ]
    }
  ],
  "check_results": []
}
